// !$*UTF8*$!
{
	archiveVersion = 1;
	classes = {
	};
	objectVersion = 50;
	objects = {

/* Begin PBXBuildFile section */
		46FA95B6222971540004E058 /* AppDelegate.swift in Sources */ = {isa = PBXBuildFile; fileRef = 46FA95B5222971540004E058 /* AppDelegate.swift */; };
		46FA95BB222971540004E058 /* Main.storyboard in Resources */ = {isa = PBXBuildFile; fileRef = 46FA95B9222971540004E058 /* Main.storyboard */; };
		46FA95BE222971540004E058 /* HealthApp.xcdatamodeld in Sources */ = {isa = PBXBuildFile; fileRef = 46FA95BC222971540004E058 /* HealthApp.xcdatamodeld */; };
		46FA95C0222971550004E058 /* Assets.xcassets in Resources */ = {isa = PBXBuildFile; fileRef = 46FA95BF222971550004E058 /* Assets.xcassets */; };
		46FA95C3222971550004E058 /* LaunchScreen.storyboard in Resources */ = {isa = PBXBuildFile; fileRef = 46FA95C1222971550004E058 /* LaunchScreen.storyboard */; };
		46FA95CE222971550004E058 /* HealthAppTests.swift in Sources */ = {isa = PBXBuildFile; fileRef = 46FA95CD222971550004E058 /* HealthAppTests.swift */; };
		46FA95D9222971550004E058 /* HealthAppUITests.swift in Sources */ = {isa = PBXBuildFile; fileRef = 46FA95D8222971550004E058 /* HealthAppUITests.swift */; };
		46FA95E9222972AE0004E058 /* HealthKit.framework in Frameworks */ = {isa = PBXBuildFile; fileRef = 46FA95E8222972AE0004E058 /* HealthKit.framework */; };
		46FA95EB222973D10004E058 /* StepsTableViewController.swift in Sources */ = {isa = PBXBuildFile; fileRef = 46FA95EA222973D10004E058 /* StepsTableViewController.swift */; };
		46FA95ED2229743D0004E058 /* HealthKit.swift in Sources */ = {isa = PBXBuildFile; fileRef = 46FA95EC2229743D0004E058 /* HealthKit.swift */; };
/* End PBXBuildFile section */

/* Begin PBXContainerItemProxy section */
		46FA95CA222971550004E058 /* PBXContainerItemProxy */ = {
			isa = PBXContainerItemProxy;
			containerPortal = 46FA95AA222971540004E058 /* Project object */;
			proxyType = 1;
			remoteGlobalIDString = 46FA95B1222971540004E058;
			remoteInfo = HealthApp;
		};
		46FA95D5222971550004E058 /* PBXContainerItemProxy */ = {
			isa = PBXContainerItemProxy;
			containerPortal = 46FA95AA222971540004E058 /* Project object */;
			proxyType = 1;
			remoteGlobalIDString = 46FA95B1222971540004E058;
			remoteInfo = HealthApp;
		};
/* End PBXContainerItemProxy section */

/* Begin PBXFileReference section */
		46FA95B2222971540004E058 /* HealthApp.app */ = {isa = PBXFileReference; explicitFileType = wrapper.application; includeInIndex = 0; path = HealthApp.app; sourceTree = BUILT_PRODUCTS_DIR; };
		46FA95B5222971540004E058 /* AppDelegate.swift */ = {isa = PBXFileReference; lastKnownFileType = sourcecode.swift; path = AppDelegate.swift; sourceTree = "<group>"; };
		46FA95BA222971540004E058 /* Base */ = {isa = PBXFileReference; lastKnownFileType = file.storyboard; name = Base; path = Base.lproj/Main.storyboard; sourceTree = "<group>"; };
		46FA95BD222971540004E058 /* HealthApp.xcdatamodel */ = {isa = PBXFileReference; lastKnownFileType = wrapper.xcdatamodel; path = HealthApp.xcdatamodel; sourceTree = "<group>"; };
		46FA95BF222971550004E058 /* Assets.xcassets */ = {isa = PBXFileReference; lastKnownFileType = folder.assetcatalog; path = Assets.xcassets; sourceTree = "<group>"; };
		46FA95C2222971550004E058 /* Base */ = {isa = PBXFileReference; lastKnownFileType = file.storyboard; name = Base; path = Base.lproj/LaunchScreen.storyboard; sourceTree = "<group>"; };
		46FA95C4222971550004E058 /* Info.plist */ = {isa = PBXFileReference; lastKnownFileType = text.plist.xml; path = Info.plist; sourceTree = "<group>"; };
		46FA95C9222971550004E058 /* HealthAppTests.xctest */ = {isa = PBXFileReference; explicitFileType = wrapper.cfbundle; includeInIndex = 0; path = HealthAppTests.xctest; sourceTree = BUILT_PRODUCTS_DIR; };
		46FA95CD222971550004E058 /* HealthAppTests.swift */ = {isa = PBXFileReference; lastKnownFileType = sourcecode.swift; path = HealthAppTests.swift; sourceTree = "<group>"; };
		46FA95CF222971550004E058 /* Info.plist */ = {isa = PBXFileReference; lastKnownFileType = text.plist.xml; path = Info.plist; sourceTree = "<group>"; };
		46FA95D4222971550004E058 /* HealthAppUITests.xctest */ = {isa = PBXFileReference; explicitFileType = wrapper.cfbundle; includeInIndex = 0; path = HealthAppUITests.xctest; sourceTree = BUILT_PRODUCTS_DIR; };
		46FA95D8222971550004E058 /* HealthAppUITests.swift */ = {isa = PBXFileReference; lastKnownFileType = sourcecode.swift; path = HealthAppUITests.swift; sourceTree = "<group>"; };
		46FA95DA222971550004E058 /* Info.plist */ = {isa = PBXFileReference; lastKnownFileType = text.plist.xml; path = Info.plist; sourceTree = "<group>"; };
		46FA95E6222972AE0004E058 /* HealthApp.entitlements */ = {isa = PBXFileReference; lastKnownFileType = text.plist.entitlements; path = HealthApp.entitlements; sourceTree = "<group>"; };
		46FA95E8222972AE0004E058 /* HealthKit.framework */ = {isa = PBXFileReference; lastKnownFileType = wrapper.framework; name = HealthKit.framework; path = System/Library/Frameworks/HealthKit.framework; sourceTree = SDKROOT; };
		46FA95EA222973D10004E058 /* StepsTableViewController.swift */ = {isa = PBXFileReference; fileEncoding = 4; lastKnownFileType = sourcecode.swift; path = StepsTableViewController.swift; sourceTree = "<group>"; };
		46FA95EC2229743D0004E058 /* HealthKit.swift */ = {isa = PBXFileReference; lastKnownFileType = sourcecode.swift; path = HealthKit.swift; sourceTree = "<group>"; };
/* End PBXFileReference section */

/* Begin PBXFrameworksBuildPhase section */
		46FA95AF222971540004E058 /* Frameworks */ = {
			isa = PBXFrameworksBuildPhase;
			buildActionMask = 2147483647;
			files = (
				46FA95E9222972AE0004E058 /* HealthKit.framework in Frameworks */,
			);
			runOnlyForDeploymentPostprocessing = 0;
		};
		46FA95C6222971550004E058 /* Frameworks */ = {
			isa = PBXFrameworksBuildPhase;
			buildActionMask = 2147483647;
			files = (
			);
			runOnlyForDeploymentPostprocessing = 0;
		};
		46FA95D1222971550004E058 /* Frameworks */ = {
			isa = PBXFrameworksBuildPhase;
			buildActionMask = 2147483647;
			files = (
			);
			runOnlyForDeploymentPostprocessing = 0;
		};
/* End PBXFrameworksBuildPhase section */

/* Begin PBXGroup section */
		46FA95A9222971540004E058 = {
			isa = PBXGroup;
			children = (
				46FA95B4222971540004E058 /* HealthApp */,
				46FA95CC222971550004E058 /* HealthAppTests */,
				46FA95D7222971550004E058 /* HealthAppUITests */,
				46FA95B3222971540004E058 /* Products */,
				46FA95E7222972AE0004E058 /* Frameworks */,
			);
			sourceTree = "<group>";
		};
		46FA95B3222971540004E058 /* Products */ = {
			isa = PBXGroup;
			children = (
				46FA95B2222971540004E058 /* HealthApp.app */,
				46FA95C9222971550004E058 /* HealthAppTests.xctest */,
				46FA95D4222971550004E058 /* HealthAppUITests.xctest */,
			);
			name = Products;
			sourceTree = "<group>";
		};
		46FA95B4222971540004E058 /* HealthApp */ = {
			isa = PBXGroup;
			children = (
				46FA95E6222972AE0004E058 /* HealthApp.entitlements */,
				46FA95B5222971540004E058 /* AppDelegate.swift */,
				46FA95EA222973D10004E058 /* StepsTableViewController.swift */,
				46FA95B9222971540004E058 /* Main.storyboard */,
				46FA95BF222971550004E058 /* Assets.xcassets */,
				46FA95C1222971550004E058 /* LaunchScreen.storyboard */,
				46FA95C4222971550004E058 /* Info.plist */,
				46FA95BC222971540004E058 /* HealthApp.xcdatamodeld */,
				46FA95EC2229743D0004E058 /* HealthKit.swift */,
			);
			path = HealthApp;
			sourceTree = "<group>";
		};
		46FA95CC222971550004E058 /* HealthAppTests */ = {
			isa = PBXGroup;
			children = (
				46FA95CD222971550004E058 /* HealthAppTests.swift */,
				46FA95CF222971550004E058 /* Info.plist */,
			);
			path = HealthAppTests;
			sourceTree = "<group>";
		};
		46FA95D7222971550004E058 /* HealthAppUITests */ = {
			isa = PBXGroup;
			children = (
				46FA95D8222971550004E058 /* HealthAppUITests.swift */,
				46FA95DA222971550004E058 /* Info.plist */,
			);
			path = HealthAppUITests;
			sourceTree = "<group>";
		};
		46FA95E7222972AE0004E058 /* Frameworks */ = {
			isa = PBXGroup;
			children = (
				46FA95E8222972AE0004E058 /* HealthKit.framework */,
			);
			name = Frameworks;
			sourceTree = "<group>";
		};
/* End PBXGroup section */

/* Begin PBXNativeTarget section */
		46FA95B1222971540004E058 /* HealthApp */ = {
			isa = PBXNativeTarget;
			buildConfigurationList = 46FA95DD222971550004E058 /* Build configuration list for PBXNativeTarget "HealthApp" */;
			buildPhases = (
				46FA95AE222971540004E058 /* Sources */,
				46FA95AF222971540004E058 /* Frameworks */,
				46FA95B0222971540004E058 /* Resources */,
			);
			buildRules = (
			);
			dependencies = (
			);
			name = HealthApp;
			productName = HealthApp;
			productReference = 46FA95B2222971540004E058 /* HealthApp.app */;
			productType = "com.apple.product-type.application";
		};
		46FA95C8222971550004E058 /* HealthAppTests */ = {
			isa = PBXNativeTarget;
			buildConfigurationList = 46FA95E0222971550004E058 /* Build configuration list for PBXNativeTarget "HealthAppTests" */;
			buildPhases = (
				46FA95C5222971550004E058 /* Sources */,
				46FA95C6222971550004E058 /* Frameworks */,
				46FA95C7222971550004E058 /* Resources */,
			);
			buildRules = (
			);
			dependencies = (
				46FA95CB222971550004E058 /* PBXTargetDependency */,
			);
			name = HealthAppTests;
			productName = HealthAppTests;
			productReference = 46FA95C9222971550004E058 /* HealthAppTests.xctest */;
			productType = "com.apple.product-type.bundle.unit-test";
		};
		46FA95D3222971550004E058 /* HealthAppUITests */ = {
			isa = PBXNativeTarget;
			buildConfigurationList = 46FA95E3222971550004E058 /* Build configuration list for PBXNativeTarget "HealthAppUITests" */;
			buildPhases = (
				46FA95D0222971550004E058 /* Sources */,
				46FA95D1222971550004E058 /* Frameworks */,
				46FA95D2222971550004E058 /* Resources */,
			);
			buildRules = (
			);
			dependencies = (
				46FA95D6222971550004E058 /* PBXTargetDependency */,
			);
			name = HealthAppUITests;
			productName = HealthAppUITests;
			productReference = 46FA95D4222971550004E058 /* HealthAppUITests.xctest */;
			productType = "com.apple.product-type.bundle.ui-testing";
		};
/* End PBXNativeTarget section */

/* Begin PBXProject section */
		46FA95AA222971540004E058 /* Project object */ = {
			isa = PBXProject;
			attributes = {
				LastSwiftUpdateCheck = 1010;
				LastUpgradeCheck = 1010;
				ORGANIZATIONNAME = SOTSYS036;
				TargetAttributes = {
					46FA95B1222971540004E058 = {
						CreatedOnToolsVersion = 10.1;
						SystemCapabilities = {
							com.apple.HealthKit = {
								enabled = 1;
							};
						};
					};
					46FA95C8222971550004E058 = {
						CreatedOnToolsVersion = 10.1;
						TestTargetID = 46FA95B1222971540004E058;
					};
					46FA95D3222971550004E058 = {
						CreatedOnToolsVersion = 10.1;
						TestTargetID = 46FA95B1222971540004E058;
					};
				};
			};
			buildConfigurationList = 46FA95AD222971540004E058 /* Build configuration list for PBXProject "HealthApp" */;
			compatibilityVersion = "Xcode 9.3";
			developmentRegion = en;
			hasScannedForEncodings = 0;
			knownRegions = (
				en,
				Base,
			);
			mainGroup = 46FA95A9222971540004E058;
			productRefGroup = 46FA95B3222971540004E058 /* Products */;
			projectDirPath = "";
			projectRoot = "";
			targets = (
				46FA95B1222971540004E058 /* HealthApp */,
				46FA95C8222971550004E058 /* HealthAppTests */,
				46FA95D3222971550004E058 /* HealthAppUITests */,
			);
		};
/* End PBXProject section */

/* Begin PBXResourcesBuildPhase section */
		46FA95B0222971540004E058 /* Resources */ = {
			isa = PBXResourcesBuildPhase;
			buildActionMask = 2147483647;
			files = (
				46FA95C3222971550004E058 /* LaunchScreen.storyboard in Resources */,
				46FA95C0222971550004E058 /* Assets.xcassets in Resources */,
				46FA95BB222971540004E058 /* Main.storyboard in Resources */,
			);
			runOnlyForDeploymentPostprocessing = 0;
		};
		46FA95C7222971550004E058 /* Resources */ = {
			isa = PBXResourcesBuildPhase;
			buildActionMask = 2147483647;
			files = (
			);
			runOnlyForDeploymentPostprocessing = 0;
		};
		46FA95D2222971550004E058 /* Resources */ = {
			isa = PBXResourcesBuildPhase;
			buildActionMask = 2147483647;
			files = (
			);
			runOnlyForDeploymentPostprocessing = 0;
		};
/* End PBXResourcesBuildPhase section */

/* Begin PBXSourcesBuildPhase section */
		46FA95AE222971540004E058 /* Sources */ = {
			isa = PBXSourcesBuildPhase;
			buildActionMask = 2147483647;
			files = (
				46FA95B6222971540004E058 /* AppDelegate.swift in Sources */,
				46FA95ED2229743D0004E058 /* HealthKit.swift in Sources */,
				46FA95BE222971540004E058 /* HealthApp.xcdatamodeld in Sources */,
				46FA95EB222973D10004E058 /* StepsTableViewController.swift in Sources */,
			);
			runOnlyForDeploymentPostprocessing = 0;
		};
		46FA95C5222971550004E058 /* Sources */ = {
			isa = PBXSourcesBuildPhase;
			buildActionMask = 2147483647;
			files = (
				46FA95CE222971550004E058 /* HealthAppTests.swift in Sources */,
			);
			runOnlyForDeploymentPostprocessing = 0;
		};
		46FA95D0222971550004E058 /* Sources */ = {
			isa = PBXSourcesBuildPhase;
			buildActionMask = 2147483647;
			files = (
				46FA95D9222971550004E058 /* HealthAppUITests.swift in Sources */,
			);
			runOnlyForDeploymentPostprocessing = 0;
		};
/* End PBXSourcesBuildPhase section */

/* Begin PBXTargetDependency section */
		46FA95CB222971550004E058 /* PBXTargetDependency */ = {
			isa = PBXTargetDependency;
			target = 46FA95B1222971540004E058 /* HealthApp */;
			targetProxy = 46FA95CA222971550004E058 /* PBXContainerItemProxy */;
		};
		46FA95D6222971550004E058 /* PBXTargetDependency */ = {
			isa = PBXTargetDependency;
			target = 46FA95B1222971540004E058 /* HealthApp */;
			targetProxy = 46FA95D5222971550004E058 /* PBXContainerItemProxy */;
		};
/* End PBXTargetDependency section */

/* Begin PBXVariantGroup section */
		46FA95B9222971540004E058 /* Main.storyboard */ = {
			isa = PBXVariantGroup;
			children = (
				46FA95BA222971540004E058 /* Base */,
			);
			name = Main.storyboard;
			sourceTree = "<group>";
		};
		46FA95C1222971550004E058 /* LaunchScreen.storyboard */ = {
			isa = PBXVariantGroup;
			children = (
				46FA95C2222971550004E058 /* Base */,
			);
			name = LaunchScreen.storyboard;
			sourceTree = "<group>";
		};
/* End PBXVariantGroup section */

/* Begin XCBuildConfiguration section */
		46FA95DB222971550004E058 /* Debug */ = {
			isa = XCBuildConfiguration;
			buildSettings = {
				ALWAYS_SEARCH_USER_PATHS = NO;
				CLANG_ANALYZER_NONNULL = YES;
				CLANG_ANALYZER_NUMBER_OBJECT_CONVERSION = YES_AGGRESSIVE;
				CLANG_CXX_LANGUAGE_STANDARD = "gnu++14";
				CLANG_CXX_LIBRARY = "libc++";
				CLANG_ENABLE_MODULES = YES;
				CLANG_ENABLE_OBJC_ARC = YES;
				CLANG_ENABLE_OBJC_WEAK = YES;
				CLANG_WARN_BLOCK_CAPTURE_AUTORELEASING = YES;
				CLANG_WARN_BOOL_CONVERSION = YES;
				CLANG_WARN_COMMA = YES;
				CLANG_WARN_CONSTANT_CONVERSION = YES;
				CLANG_WARN_DEPRECATED_OBJC_IMPLEMENTATIONS = YES;
				CLANG_WARN_DIRECT_OBJC_ISA_USAGE = YES_ERROR;
				CLANG_WARN_DOCUMENTATION_COMMENTS = YES;
				CLANG_WARN_EMPTY_BODY = YES;
				CLANG_WARN_ENUM_CONVERSION = YES;
				CLANG_WARN_INFINITE_RECURSION = YES;
				CLANG_WARN_INT_CONVERSION = YES;
				CLANG_WARN_NON_LITERAL_NULL_CONVERSION = YES;
				CLANG_WARN_OBJC_IMPLICIT_RETAIN_SELF = YES;
				CLANG_WARN_OBJC_LITERAL_CONVERSION = YES;
				CLANG_WARN_OBJC_ROOT_CLASS = YES_ERROR;
				CLANG_WARN_RANGE_LOOP_ANALYSIS = YES;
				CLANG_WARN_STRICT_PROTOTYPES = YES;
				CLANG_WARN_SUSPICIOUS_MOVE = YES;
				CLANG_WARN_UNGUARDED_AVAILABILITY = YES_AGGRESSIVE;
				CLANG_WARN_UNREACHABLE_CODE = YES;
				CLANG_WARN__DUPLICATE_METHOD_MATCH = YES;
				CODE_SIGN_IDENTITY = "iPhone Developer";
				COPY_PHASE_STRIP = NO;
				DEBUG_INFORMATION_FORMAT = dwarf;
				ENABLE_STRICT_OBJC_MSGSEND = YES;
				ENABLE_TESTABILITY = YES;
				GCC_C_LANGUAGE_STANDARD = gnu11;
				GCC_DYNAMIC_NO_PIC = NO;
				GCC_NO_COMMON_BLOCKS = YES;
				GCC_OPTIMIZATION_LEVEL = 0;
				GCC_PREPROCESSOR_DEFINITIONS = (
					"DEBUG=1",
					"$(inherited)",
				);
				GCC_WARN_64_TO_32_BIT_CONVERSION = YES;
				GCC_WARN_ABOUT_RETURN_TYPE = YES_ERROR;
				GCC_WARN_UNDECLARED_SELECTOR = YES;
				GCC_WARN_UNINITIALIZED_AUTOS = YES_AGGRESSIVE;
				GCC_WARN_UNUSED_FUNCTION = YES;
				GCC_WARN_UNUSED_VARIABLE = YES;
				IPHONEOS_DEPLOYMENT_TARGET = 12.1;
				MTL_ENABLE_DEBUG_INFO = INCLUDE_SOURCE;
				MTL_FAST_MATH = YES;
				ONLY_ACTIVE_ARCH = YES;
				SDKROOT = iphoneos;
				SWIFT_ACTIVE_COMPILATION_CONDITIONS = DEBUG;
				SWIFT_OPTIMIZATION_LEVEL = "-Onone";
			};
			name = Debug;
		};
		46FA95DC222971550004E058 /* Release */ = {
			isa = XCBuildConfiguration;
			buildSettings = {
				ALWAYS_SEARCH_USER_PATHS = NO;
				CLANG_ANALYZER_NONNULL = YES;
				CLANG_ANALYZER_NUMBER_OBJECT_CONVERSION = YES_AGGRESSIVE;
				CLANG_CXX_LANGUAGE_STANDARD = "gnu++14";
				CLANG_CXX_LIBRARY = "libc++";
				CLANG_ENABLE_MODULES = YES;
				CLANG_ENABLE_OBJC_ARC = YES;
				CLANG_ENABLE_OBJC_WEAK = YES;
				CLANG_WARN_BLOCK_CAPTURE_AUTORELEASING = YES;
				CLANG_WARN_BOOL_CONVERSION = YES;
				CLANG_WARN_COMMA = YES;
				CLANG_WARN_CONSTANT_CONVERSION = YES;
				CLANG_WARN_DEPRECATED_OBJC_IMPLEMENTATIONS = YES;
				CLANG_WARN_DIRECT_OBJC_ISA_USAGE = YES_ERROR;
				CLANG_WARN_DOCUMENTATION_COMMENTS = YES;
				CLANG_WARN_EMPTY_BODY = YES;
				CLANG_WARN_ENUM_CONVERSION = YES;
				CLANG_WARN_INFINITE_RECURSION = YES;
				CLANG_WARN_INT_CONVERSION = YES;
				CLANG_WARN_NON_LITERAL_NULL_CONVERSION = YES;
				CLANG_WARN_OBJC_IMPLICIT_RETAIN_SELF = YES;
				CLANG_WARN_OBJC_LITERAL_CONVERSION = YES;
				CLANG_WARN_OBJC_ROOT_CLASS = YES_ERROR;
				CLANG_WARN_RANGE_LOOP_ANALYSIS = YES;
				CLANG_WARN_STRICT_PROTOTYPES = YES;
				CLANG_WARN_SUSPICIOUS_MOVE = YES;
				CLANG_WARN_UNGUARDED_AVAILABILITY = YES_AGGRESSIVE;
				CLANG_WARN_UNREACHABLE_CODE = YES;
				CLANG_WARN__DUPLICATE_METHOD_MATCH = YES;
				CODE_SIGN_IDENTITY = "iPhone Developer";
				COPY_PHASE_STRIP = NO;
				DEBUG_INFORMATION_FORMAT = "dwarf-with-dsym";
				ENABLE_NS_ASSERTIONS = NO;
				ENABLE_STRICT_OBJC_MSGSEND = YES;
				GCC_C_LANGUAGE_STANDARD = gnu11;
				GCC_NO_COMMON_BLOCKS = YES;
				GCC_WARN_64_TO_32_BIT_CONVERSION = YES;
				GCC_WARN_ABOUT_RETURN_TYPE = YES_ERROR;
				GCC_WARN_UNDECLARED_SELECTOR = YES;
				GCC_WARN_UNINITIALIZED_AUTOS = YES_AGGRESSIVE;
				GCC_WARN_UNUSED_FUNCTION = YES;
				GCC_WARN_UNUSED_VARIABLE = YES;
				IPHONEOS_DEPLOYMENT_TARGET = 12.1;
				MTL_ENABLE_DEBUG_INFO = NO;
				MTL_FAST_MATH = YES;
				SDKROOT = iphoneos;
				SWIFT_COMPILATION_MODE = wholemodule;
				SWIFT_OPTIMIZATION_LEVEL = "-O";
				VALIDATE_PRODUCT = YES;
			};
			name = Release;
		};
		46FA95DE222971550004E058 /* Debug */ = {
			isa = XCBuildConfiguration;
			buildSettings = {
				ASSETCATALOG_COMPILER_APPICON_NAME = AppIcon;
				CODE_SIGN_ENTITLEMENTS = HealthApp/HealthApp.entitlements;
				CODE_SIGN_STYLE = Automatic;
				DEVELOPMENT_TEAM = USS2X848AB;
				INFOPLIST_FILE = HealthApp/Info.plist;
				LD_RUNPATH_SEARCH_PATHS = (
					"$(inherited)",
					"@executable_path/Frameworks",
				);
				PRODUCT_BUNDLE_IDENTIFIER = com.urmit.HealthApp;
				PRODUCT_NAME = "$(TARGET_NAME)";
				SWIFT_VERSION = 4.2;
				TARGETED_DEVICE_FAMILY = "1,2";
			};
			name = Debug;
		};
		46FA95DF222971550004E058 /* Release */ = {
			isa = XCBuildConfiguration;
			buildSettings = {
				ASSETCATALOG_COMPILER_APPICON_NAME = AppIcon;
				CODE_SIGN_ENTITLEMENTS = HealthApp/HealthApp.entitlements;
				CODE_SIGN_STYLE = Automatic;
				DEVELOPMENT_TEAM = USS2X848AB;
				INFOPLIST_FILE = HealthApp/Info.plist;
				LD_RUNPATH_SEARCH_PATHS = (
					"$(inherited)",
					"@executable_path/Frameworks",
				);
				PRODUCT_BUNDLE_IDENTIFIER = com.urmit.HealthApp;
				PRODUCT_NAME = "$(TARGET_NAME)";
				SWIFT_VERSION = 4.2;
				TARGETED_DEVICE_FAMILY = "1,2";
			};
			name = Release;
		};
		46FA95E1222971550004E058 /* Debug */ = {
			isa = XCBuildConfiguration;
			buildSettings = {
				ALWAYS_EMBED_SWIFT_STANDARD_LIBRARIES = YES;
				BUNDLE_LOADER = "$(TEST_HOST)";
				CODE_SIGN_STYLE = Automatic;
				INFOPLIST_FILE = HealthAppTests/Info.plist;
				LD_RUNPATH_SEARCH_PATHS = (
					"$(inherited)",
					"@executable_path/Frameworks",
					"@loader_path/Frameworks",
				);
				PRODUCT_BUNDLE_IDENTIFIER = com.spaceo.HealthAppTests;
				PRODUCT_NAME = "$(TARGET_NAME)";
				SWIFT_VERSION = 4.2;
				TARGETED_DEVICE_FAMILY = "1,2";
				TEST_HOST = "$(BUILT_PRODUCTS_DIR)/HealthApp.app/HealthApp";
			};
			name = Debug;
		};
		46FA95E2222971550004E058 /* Release */ = {
			isa = XCBuildConfiguration;
			buildSettings = {
				ALWAYS_EMBED_SWIFT_STANDARD_LIBRARIES = YES;
				BUNDLE_LOADER = "$(TEST_HOST)";
				CODE_SIGN_STYLE = Automatic;
				INFOPLIST_FILE = HealthAppTests/Info.plist;
				LD_RUNPATH_SEARCH_PATHS = (
					"$(inherited)",
					"@executable_path/Frameworks",
					"@loader_path/Frameworks",
				);
				PRODUCT_BUNDLE_IDENTIFIER = com.spaceo.HealthAppTests;
				PRODUCT_NAME = "$(TARGET_NAME)";
				SWIFT_VERSION = 4.2;
				TARGETED_DEVICE_FAMILY = "1,2";
				TEST_HOST = "$(BUILT_PRODUCTS_DIR)/HealthApp.app/HealthApp";
			};
			name = Release;
		};
		46FA95E4222971550004E058 /* Debug */ = {
			isa = XCBuildConfiguration;
			buildSettings = {
				ALWAYS_EMBED_SWIFT_STANDARD_LIBRARIES = YES;
				CODE_SIGN_STYLE = Automatic;
				INFOPLIST_FILE = HealthAppUITests/Info.plist;
				LD_RUNPATH_SEARCH_PATHS = (
					"$(inherited)",
					"@executable_path/Frameworks",
					"@loader_path/Frameworks",
				);
				PRODUCT_BUNDLE_IDENTIFIER = com.spaceo.HealthAppUITests;
				PRODUCT_NAME = "$(TARGET_NAME)";
				SWIFT_VERSION = 4.2;
				TARGETED_DEVICE_FAMILY = "1,2";
				TEST_TARGET_NAME = HealthApp;
			};
			name = Debug;
		};
		46FA95E5222971550004E058 /* Release */ = {
			isa = XCBuildConfiguration;
			buildSettings = {
				ALWAYS_EMBED_SWIFT_STANDARD_LIBRARIES = YES;
				CODE_SIGN_STYLE = Automatic;
				INFOPLIST_FILE = HealthAppUITests/Info.plist;
				LD_RUNPATH_SEARCH_PATHS = (
					"$(inherited)",
					"@executable_path/Frameworks",
					"@loader_path/Frameworks",
				);
				PRODUCT_BUNDLE_IDENTIFIER = com.spaceo.HealthAppUITests;
				PRODUCT_NAME = "$(TARGET_NAME)";
				SWIFT_VERSION = 4.2;
				TARGETED_DEVICE_FAMILY = "1,2";
				TEST_TARGET_NAME = HealthApp;
			};
			name = Release;
		};
/* End XCBuildConfiguration section */

/* Begin XCConfigurationList section */
		46FA95AD222971540004E058 /* Build configuration list for PBXProject "HealthApp" */ = {
			isa = XCConfigurationList;
			buildConfigurations = (
				46FA95DB222971550004E058 /* Debug */,
				46FA95DC222971550004E058 /* Release */,
			);
			defaultConfigurationIsVisible = 0;
			defaultConfigurationName = Release;
		};
		46FA95DD222971550004E058 /* Build configuration list for PBXNativeTarget "HealthApp" */ = {
			isa = XCConfigurationList;
			buildConfigurations = (
				46FA95DE222971550004E058 /* Debug */,
				46FA95DF222971550004E058 /* Release */,
			);
			defaultConfigurationIsVisible = 0;
			defaultConfigurationName = Release;
		};
		46FA95E0222971550004E058 /* Build configuration list for PBXNativeTarget "HealthAppTests" */ = {
			isa = XCConfigurationList;
			buildConfigurations = (
				46FA95E1222971550004E058 /* Debug */,
				46FA95E2222971550004E058 /* Release */,
			);
			defaultConfigurationIsVisible = 0;
			defaultConfigurationName = Release;
		};
		46FA95E3222971550004E058 /* Build configuration list for PBXNativeTarget "HealthAppUITests" */ = {
			isa = XCConfigurationList;
			buildConfigurations = (
				46FA95E4222971550004E058 /* Debug */,
				46FA95E5222971550004E058 /* Release */,
			);
			defaultConfigurationIsVisible = 0;
			defaultConfigurationName = Release;
		};
/* End XCConfigurationList section */

/* Begin XCVersionGroup section */
		46FA95BC222971540004E058 /* HealthApp.xcdatamodeld */ = {
			isa = XCVersionGroup;
			children = (
				46FA95BD222971540004E058 /* HealthApp.xcdatamodel */,
			);
			currentVersion = 46FA95BD222971540004E058 /* HealthApp.xcdatamodel */;
			path = HealthApp.xcdatamodeld;
			sourceTree = "<group>";
			versionGroupType = wrapper.xcdatamodel;
		};
/* End XCVersionGroup section */
	};
	rootObject = 46FA95AA222971540004E058 /* Project object */;
}
